
Microsoft Visual Studio Solution File, Format Version 12.00
# Visual Studio 2012
Project("{FAE04EC0-301F-11D3-BF4B-00C04F79EFBC}") = "Tabs", "Tabs\Tabs.csproj", "{486E0910-2BA5-430D-9C1D-80B929B91BFA}"
EndProject
Project("{FAE04EC0-301F-11D3-BF4B-00C04F79EFBC}") = "Tabs.iOS", "iOS\Tabs.iOS.csproj", "{88F4404D-F0E5-47B1-B41A-D606D950223B}"
EndProject
Project("{FAE04EC0-301F-11D3-BF4B-00C04F79EFBC}") = "Tabs.Droid", "Droid\Tabs.Droid.csproj", "{CE25329A-FF6D-4109-9BE0-405F7CDC341C}"
EndProject
Global
	GlobalSection(SolutionConfigurationPlatforms) = preSolution
		Debug|Any CPU = Debug|Any CPU
		Release|Any CPU = Release|Any CPU
		Debug|iPhoneSimulator = Debug|iPhoneSimulator
		Release|iPhone = Release|iPhone
		Release|iPhoneSimulator = Release|iPhoneSimulator
		Debug|iPhone = Debug|iPhone
	EndGlobalSection
	GlobalSection(ProjectConfigurationPlatforms) = postSolution
		{486E0910-2BA5-430D-9C1D-80B929B91BFA}.Debug|Any CPU.ActiveCfg = Debug|Any CPU
		{486E0910-2BA5-430D-9C1D-80B929B91BFA}.Debug|Any CPU.Build.0 = Debug|Any CPU
		{486E0910-2BA5-430D-9C1D-80B929B91BFA}.Release|Any CPU.ActiveCfg = Release|Any CPU
		{486E0910-2BA5-430D-9C1D-80B929B91BFA}.Release|Any CPU.Build.0 = Release|Any CPU
		{486E0910-2BA5-430D-9C1D-80B929B91BFA}.Debug|iPhoneSimulator.ActiveCfg = Debug|Any CPU
		{486E0910-2BA5-430D-9C1D-80B929B91BFA}.Debug|iPhoneSimulator.Build.0 = Debug|Any CPU
		{486E0910-2BA5-430D-9C1D-80B929B91BFA}.Release|iPhone.ActiveCfg = Release|Any CPU
		{486E0910-2BA5-430D-9C1D-80B929B91BFA}.Release|iPhone.Build.0 = Release|Any CPU
		{486E0910-2BA5-430D-9C1D-80B929B91BFA}.Release|iPhoneSimulator.ActiveCfg = Release|Any CPU
		{486E0910-2BA5-430D-9C1D-80B929B91BFA}.Release|iPhoneSimulator.Build.0 = Release|Any CPU
		{486E0910-2BA5-430D-9C1D-80B929B91BFA}.Debug|iPhone.ActiveCfg = Debug|Any CPU
		{486E0910-2BA5-430D-9C1D-80B929B91BFA}.Debug|iPhone.Build.0 = Debug|Any CPU
		{88F4404D-F0E5-47B1-B41A-D606D950223B}.Debug|Any CPU.ActiveCfg = Debug|iPhoneSimulator
		{88F4404D-F0E5-47B1-B41A-D606D950223B}.Debug|Any CPU.Build.0 = Debug|iPhoneSimulator
		{88F4404D-F0E5-47B1-B41A-D606D950223B}.Release|Any CPU.ActiveCfg = Release|iPhone
		{88F4404D-F0E5-47B1-B41A-D606D950223B}.Release|Any CPU.Build.0 = Release|iPhone
		{88F4404D-F0E5-47B1-B41A-D606D950223B}.Debug|iPhoneSimulator.ActiveCfg = Debug|iPhoneSimulator
		{88F4404D-F0E5-47B1-B41A-D606D950223B}.Debug|iPhoneSimulator.Build.0 = Debug|iPhoneSimulator
		{88F4404D-F0E5-47B1-B41A-D606D950223B}.Release|iPhone.ActiveCfg = Release|iPhone
		{88F4404D-F0E5-47B1-B41A-D606D950223B}.Release|iPhone.Build.0 = Release|iPhone
		{88F4404D-F0E5-47B1-B41A-D606D950223B}.Release|iPhoneSimulator.ActiveCfg = Release|iPhoneSimulator
		{88F4404D-F0E5-47B1-B41A-D606D950223B}.Release|iPhoneSimulator.Build.0 = Release|iPhoneSimulator
		{88F4404D-F0E5-47B1-B41A-D606D950223B}.Debug|iPhone.ActiveCfg = Debug|iPhone
		{88F4404D-F0E5-47B1-B41A-D606D950223B}.Debug|iPhone.Build.0 = Debug|iPhone
		{CE25329A-FF6D-4109-9BE0-405F7CDC341C}.Debug|Any CPU.ActiveCfg = Debug|Any CPU
		{CE25329A-FF6D-4109-9BE0-405F7CDC341C}.Debug|Any CPU.Build.0 = Debug|Any CPU
		{CE25329A-FF6D-4109-9BE0-405F7CDC341C}.Release|Any CPU.ActiveCfg = Release|Any CPU
		{CE25329A-FF6D-4109-9BE0-405F7CDC341C}.Release|Any CPU.Build.0 = Release|Any CPU
		{CE25329A-FF6D-4109-9BE0-405F7CDC341C}.Debug|iPhoneSimulator.ActiveCfg = Debug|Any CPU
		{CE25329A-FF6D-4109-9BE0-405F7CDC341C}.Debug|iPhoneSimulator.Build.0 = Debug|Any CPU
		{CE25329A-FF6D-4109-9BE0-405F7CDC341C}.Release|iPhone.ActiveCfg = Release|Any CPU
		{CE25329A-FF6D-4109-9BE0-405F7CDC341C}.Release|iPhone.Build.0 = Release|Any CPU
		{CE25329A-FF6D-4109-9BE0-405F7CDC341C}.Release|iPhoneSimulator.ActiveCfg = Release|Any CPU
		{CE25329A-FF6D-4109-9BE0-405F7CDC341C}.Release|iPhoneSimulator.Build.0 = Release|Any CPU
		{CE25329A-FF6D-4109-9BE0-405F7CDC341C}.Debug|iPhone.ActiveCfg = Debug|Any CPU
		{CE25329A-FF6D-4109-9BE0-405F7CDC341C}.Debug|iPhone.Build.0 = Debug|Any CPU
	EndGlobalSection
EndGlobal
